# This file is autogenerated, do not edit; changes may be undone by the next 'dep ensure'.


[[projects]]
  digest = "1:cbec35fe4d5a4fba369a656a8cd65e244ea2c743007d8f6c1ccb132acf9d1296"
  name = "github.com/gorilla/mux"
  packages = ["."]
  pruneopts = "UT"
  revision = "00bdffe0f3c77e27d2cf6f5c70232a2d3e4d9c15"
  version = "v1.7.3"

[[projects]]
  branch = "master"
  digest = "1:3c7adbbd432040f05dd8b335a3eb6c60e06ba9ade6f76f2428d7e2c3c93f25ac"
  name = "github.com/rajankumar549/Trim"
  packages = [
    "AppComponent/Console",
    "AppComponent/Router",
    "config",
    "controller",
    "controller/Home",
    "utils",
  ]
  pruneopts = "UT"
  revision = "73b283a0612d13f271517e89b3d6070766d7db21"

[solve-meta]
  analyzer-name = "dep"
  analyzer-version = 1
  input-imports = [
    "github.com/gorilla/mux",
    "github.com/rajankumar549/Trim/AppComponent/Console",
    "github.com/rajankumar549/Trim/AppComponent/Router",
    "github.com/rajankumar549/Trim/config",
    "github.com/rajankumar549/Trim/controller",
    "github.com/rajankumar549/Trim/controller/Home",
    "github.com/rajankumar549/Trim/utils",
  ]
  solver-name = "gps-cdcl"
  solver-version = 1
